
Microsoft Visual Studio Solution File, Format Version 12.00
# Visual Studio Express 2013 for Windows Desktop
VisualStudioVersion = 12.0.30723.0
MinimumVisualStudioVersion = 10.0.40219.1
Project("{FAE04EC0-301F-11D3-BF4B-00C04F79EFBC}") = "BovespaHistoryImporter", "BovespaHistoryImporter\BovespaHistoryImporter.csproj", "{D3FE2621-CF1C-4C43-BD12-DB68047AD4B5}"
EndProject
Project("{FAE04EC0-301F-11D3-BF4B-00C04F79EFBC}") = "ConfigCommon", "..\Common\ConfigCommon\ConfigCommon.csproj", "{02642C7D-E49C-4F71-A88B-65BA5026885E}"
EndProject
Project("{FAE04EC0-301F-11D3-BF4B-00C04F79EFBC}") = "DataCommon", "..\Common\DataCommon\DataCommon.csproj", "{6FA2D86B-DA87-486F-83BF-62B4474C1F4C}"
EndProject
Project("{FAE04EC0-301F-11D3-BF4B-00C04F79EFBC}") = "BovespaData", "BovespaDataClass\BovespaData.csproj", "{5C1C6AC5-2FA1-45D5-935F-B22B7F46CEC3}"
EndProject
Project("{FAE04EC0-301F-11D3-BF4B-00C04F79EFBC}") = "BovespaHistoryReader", "BovespaHistoryReader\BovespaHistoryReader.csproj", "{06189E67-C786-4D14-BB25-10E7AE39BA17}"
EndProject
Project("{FAE04EC0-301F-11D3-BF4B-00C04F79EFBC}") = "FileCommon", "..\Common\FileCommon\FileCommon.csproj", "{0BF91B97-7CBD-405E-B3CC-C2DF63890C0D}"
EndProject
Global
	GlobalSection(SolutionConfigurationPlatforms) = preSolution
		Debug|Any CPU = Debug|Any CPU
		Release|Any CPU = Release|Any CPU
	EndGlobalSection
	GlobalSection(ProjectConfigurationPlatforms) = postSolution
		{D3FE2621-CF1C-4C43-BD12-DB68047AD4B5}.Debug|Any CPU.ActiveCfg = Debug|Any CPU
		{D3FE2621-CF1C-4C43-BD12-DB68047AD4B5}.Debug|Any CPU.Build.0 = Debug|Any CPU
		{D3FE2621-CF1C-4C43-BD12-DB68047AD4B5}.Release|Any CPU.ActiveCfg = Release|Any CPU
		{D3FE2621-CF1C-4C43-BD12-DB68047AD4B5}.Release|Any CPU.Build.0 = Release|Any CPU
		{02642C7D-E49C-4F71-A88B-65BA5026885E}.Debug|Any CPU.ActiveCfg = Debug|Any CPU
		{02642C7D-E49C-4F71-A88B-65BA5026885E}.Debug|Any CPU.Build.0 = Debug|Any CPU
		{02642C7D-E49C-4F71-A88B-65BA5026885E}.Release|Any CPU.ActiveCfg = Release|Any CPU
		{02642C7D-E49C-4F71-A88B-65BA5026885E}.Release|Any CPU.Build.0 = Release|Any CPU
		{6FA2D86B-DA87-486F-83BF-62B4474C1F4C}.Debug|Any CPU.ActiveCfg = Debug|Any CPU
		{6FA2D86B-DA87-486F-83BF-62B4474C1F4C}.Debug|Any CPU.Build.0 = Debug|Any CPU
		{6FA2D86B-DA87-486F-83BF-62B4474C1F4C}.Release|Any CPU.ActiveCfg = Release|Any CPU
		{6FA2D86B-DA87-486F-83BF-62B4474C1F4C}.Release|Any CPU.Build.0 = Release|Any CPU
		{5C1C6AC5-2FA1-45D5-935F-B22B7F46CEC3}.Debug|Any CPU.ActiveCfg = Debug|Any CPU
		{5C1C6AC5-2FA1-45D5-935F-B22B7F46CEC3}.Debug|Any CPU.Build.0 = Debug|Any CPU
		{5C1C6AC5-2FA1-45D5-935F-B22B7F46CEC3}.Release|Any CPU.ActiveCfg = Release|Any CPU
		{5C1C6AC5-2FA1-45D5-935F-B22B7F46CEC3}.Release|Any CPU.Build.0 = Release|Any CPU
		{06189E67-C786-4D14-BB25-10E7AE39BA17}.Debug|Any CPU.ActiveCfg = Debug|Any CPU
		{06189E67-C786-4D14-BB25-10E7AE39BA17}.Debug|Any CPU.Build.0 = Debug|Any CPU
		{06189E67-C786-4D14-BB25-10E7AE39BA17}.Release|Any CPU.ActiveCfg = Release|Any CPU
		{06189E67-C786-4D14-BB25-10E7AE39BA17}.Release|Any CPU.Build.0 = Release|Any CPU
		{0BF91B97-7CBD-405E-B3CC-C2DF63890C0D}.Debug|Any CPU.ActiveCfg = Debug|Any CPU
		{0BF91B97-7CBD-405E-B3CC-C2DF63890C0D}.Debug|Any CPU.Build.0 = Debug|Any CPU
		{0BF91B97-7CBD-405E-B3CC-C2DF63890C0D}.Release|Any CPU.ActiveCfg = Release|Any CPU
		{0BF91B97-7CBD-405E-B3CC-C2DF63890C0D}.Release|Any CPU.Build.0 = Release|Any CPU
	EndGlobalSection
	GlobalSection(SolutionProperties) = preSolution
		HideSolutionNode = FALSE
	EndGlobalSection
EndGlobal
